<Solution>
  <Project Path="src/version_1/MoviewBookingV1/MoviewBookingV1.csproj" />
  <Project Path="src/version_2/MovieBookingV2/MovieBookingV2.csproj" />
  <Project Path="src/version_3/MovieBooking3/MovieBooking3.csproj" />
  <Project Path="src/version_4/MovieBookingV4/MovieBookingV4.csproj" />
</Solution>
